
Microsoft Visual Studio Solution File, Format Version 12.00
# Visual Studio Version 17
VisualStudioVersion = 17.13.35931.197
MinimumVisualStudioVersion = 10.0.40219.1
Project("{2150E333-8FDC-42A3-9474-1A3956D46DE8}") = "Common", "Common", "{48B13FB8-377B-41A3-B2FC-E11EC4C722DE}"
EndProject
Project("{8BC9CEB8-8B4A-11D0-8D11-00A0C91BC942}") = "GameServer", "GameServer\GameServer.vcxproj", "{4BFB0588-30B2-4E49-BE31-8AC3C897745F}"
	ProjectSection(ProjectDependencies) = postProject
		{279E2FA4-59BA-4DF1-B40D-6B47B60DE66B} = {279E2FA4-59BA-4DF1-B40D-6B47B60DE66B}
		{6C3966D0-1993-471A-9F8B-47B7293697ED} = {6C3966D0-1993-471A-9F8B-47B7293697ED}
		{7B2E3F1F-42B9-4BE9-9035-8FCCD2C48201} = {7B2E3F1F-42B9-4BE9-9035-8FCCD2C48201}
		{7E49932A-1C03-4B36-A57E-543AC8C4410E} = {7E49932A-1C03-4B36-A57E-543AC8C4410E}
		{A3C4C8A6-BC62-4C81-9E9A-1BEAC2D2FAD9} = {A3C4C8A6-BC62-4C81-9E9A-1BEAC2D2FAD9}
	EndProjectSection
EndProject
Project("{8BC9CEB8-8B4A-11D0-8D11-00A0C91BC942}") = "LoginServer", "LoginServer\LoginServer.vcxproj", "{E9C99B84-4CEA-4D2F-AB74-BD5D036A8236}"
	ProjectSection(ProjectDependencies) = postProject
		{279E2FA4-59BA-4DF1-B40D-6B47B60DE66B} = {279E2FA4-59BA-4DF1-B40D-6B47B60DE66B}
		{6C3966D0-1993-471A-9F8B-47B7293697ED} = {6C3966D0-1993-471A-9F8B-47B7293697ED}
		{7B2E3F1F-42B9-4BE9-9035-8FCCD2C48201} = {7B2E3F1F-42B9-4BE9-9035-8FCCD2C48201}
		{7E49932A-1C03-4B36-A57E-543AC8C4410E} = {7E49932A-1C03-4B36-A57E-543AC8C4410E}
	EndProjectSection
EndProject
Project("{8BC9CEB8-8B4A-11D0-8D11-00A0C91BC942}") = "DBServer", "DBServer\DBServer.vcxproj", "{CF2B62EC-1F55-4A55-9BB9-708ACA752BC4}"
	ProjectSection(ProjectDependencies) = postProject
		{279E2FA4-59BA-4DF1-B40D-6B47B60DE66B} = {279E2FA4-59BA-4DF1-B40D-6B47B60DE66B}
		{7B2E3F1F-42B9-4BE9-9035-8FCCD2C48201} = {7B2E3F1F-42B9-4BE9-9035-8FCCD2C48201}
		{7E49932A-1C03-4B36-A57E-543AC8C4410E} = {7E49932A-1C03-4B36-A57E-543AC8C4410E}
	EndProjectSection
EndProject
Project("{8BC9CEB8-8B4A-11D0-8D11-00A0C91BC942}") = "DB", "Common\Include\DB\DB.vcxproj", "{7E49932A-1C03-4B36-A57E-543AC8C4410E}"
	ProjectSection(ProjectDependencies) = postProject
		{7B2E3F1F-42B9-4BE9-9035-8FCCD2C48201} = {7B2E3F1F-42B9-4BE9-9035-8FCCD2C48201}
	EndProjectSection
EndProject
Project("{8BC9CEB8-8B4A-11D0-8D11-00A0C91BC942}") = "PyScript", "Common\Include\PyScript\PyScript.vcxproj", "{6C3966D0-1993-471A-9F8B-47B7293697ED}"
	ProjectSection(ProjectDependencies) = postProject
		{7B2E3F1F-42B9-4BE9-9035-8FCCD2C48201} = {7B2E3F1F-42B9-4BE9-9035-8FCCD2C48201}
	EndProjectSection
EndProject
Project("{8BC9CEB8-8B4A-11D0-8D11-00A0C91BC942}") = "Base", "Common\Include\Base\Base.vcxproj", "{7B2E3F1F-42B9-4BE9-9035-8FCCD2C48201}"
EndProject
Project("{8BC9CEB8-8B4A-11D0-8D11-00A0C91BC942}") = "sNet", "Common\Include\sNet\lNet.vcxproj", "{279E2FA4-59BA-4DF1-B40D-6B47B60DE66B}"
	ProjectSection(ProjectDependencies) = postProject
		{7B2E3F1F-42B9-4BE9-9035-8FCCD2C48201} = {7B2E3F1F-42B9-4BE9-9035-8FCCD2C48201}
	EndProjectSection
EndProject
Project("{8BC9CEB8-8B4A-11D0-8D11-00A0C91BC942}") = "cNet", "Common\Include\cNet\sNet.vcxproj", "{A3C4C8A6-BC62-4C81-9E9A-1BEAC2D2FAD9}"
	ProjectSection(ProjectDependencies) = postProject
		{7B2E3F1F-42B9-4BE9-9035-8FCCD2C48201} = {7B2E3F1F-42B9-4BE9-9035-8FCCD2C48201}
	EndProjectSection
EndProject
Project("{2150E333-8FDC-42A3-9474-1A3956D46DE8}") = "Client", "Client", "{02EA681E-C7D8-13C7-8484-4AC65E1B71E8}"
EndProject
Project("{8BC9CEB8-8B4A-11D0-8D11-00A0C91BC942}") = "Net", "Net\Lib_Net.vcxproj", "{B399A79C-D61E-4A5D-80D9-DD12EBBF18FB}"
EndProject
Global
	GlobalSection(SolutionConfigurationPlatforms) = preSolution
		Debug|Win32 = Debug|Win32
		Release|Win32 = Release|Win32
	EndGlobalSection
	GlobalSection(ProjectConfigurationPlatforms) = postSolution
		{4BFB0588-30B2-4E49-BE31-8AC3C897745F}.Debug|Win32.ActiveCfg = Debug|Win32
		{4BFB0588-30B2-4E49-BE31-8AC3C897745F}.Debug|Win32.Build.0 = Debug|Win32
		{4BFB0588-30B2-4E49-BE31-8AC3C897745F}.Release|Win32.ActiveCfg = Release|Win32
		{4BFB0588-30B2-4E49-BE31-8AC3C897745F}.Release|Win32.Build.0 = Release|Win32
		{E9C99B84-4CEA-4D2F-AB74-BD5D036A8236}.Debug|Win32.ActiveCfg = Debug|Win32
		{E9C99B84-4CEA-4D2F-AB74-BD5D036A8236}.Debug|Win32.Build.0 = Debug|Win32
		{E9C99B84-4CEA-4D2F-AB74-BD5D036A8236}.Release|Win32.ActiveCfg = Release|Win32
		{E9C99B84-4CEA-4D2F-AB74-BD5D036A8236}.Release|Win32.Build.0 = Release|Win32
		{CF2B62EC-1F55-4A55-9BB9-708ACA752BC4}.Debug|Win32.ActiveCfg = Debug|Win32
		{CF2B62EC-1F55-4A55-9BB9-708ACA752BC4}.Debug|Win32.Build.0 = Debug|Win32
		{CF2B62EC-1F55-4A55-9BB9-708ACA752BC4}.Release|Win32.ActiveCfg = Release|Win32
		{CF2B62EC-1F55-4A55-9BB9-708ACA752BC4}.Release|Win32.Build.0 = Release|Win32
		{7E49932A-1C03-4B36-A57E-543AC8C4410E}.Debug|Win32.ActiveCfg = Debug|Win32
		{7E49932A-1C03-4B36-A57E-543AC8C4410E}.Debug|Win32.Build.0 = Debug|Win32
		{7E49932A-1C03-4B36-A57E-543AC8C4410E}.Release|Win32.ActiveCfg = Release|Win32
		{7E49932A-1C03-4B36-A57E-543AC8C4410E}.Release|Win32.Build.0 = Release|Win32
		{6C3966D0-1993-471A-9F8B-47B7293697ED}.Debug|Win32.ActiveCfg = Debug|Win32
		{6C3966D0-1993-471A-9F8B-47B7293697ED}.Debug|Win32.Build.0 = Debug|Win32
		{6C3966D0-1993-471A-9F8B-47B7293697ED}.Release|Win32.ActiveCfg = Release|Win32
		{6C3966D0-1993-471A-9F8B-47B7293697ED}.Release|Win32.Build.0 = Release|Win32
		{7B2E3F1F-42B9-4BE9-9035-8FCCD2C48201}.Debug|Win32.ActiveCfg = Debug|Win32
		{7B2E3F1F-42B9-4BE9-9035-8FCCD2C48201}.Debug|Win32.Build.0 = Debug|Win32
		{7B2E3F1F-42B9-4BE9-9035-8FCCD2C48201}.Release|Win32.ActiveCfg = Release|Win32
		{7B2E3F1F-42B9-4BE9-9035-8FCCD2C48201}.Release|Win32.Build.0 = Release|Win32
		{279E2FA4-59BA-4DF1-B40D-6B47B60DE66B}.Debug|Win32.ActiveCfg = Debug|Win32
		{279E2FA4-59BA-4DF1-B40D-6B47B60DE66B}.Debug|Win32.Build.0 = Debug|Win32
		{279E2FA4-59BA-4DF1-B40D-6B47B60DE66B}.Release|Win32.ActiveCfg = Release|Win32
		{279E2FA4-59BA-4DF1-B40D-6B47B60DE66B}.Release|Win32.Build.0 = Release|Win32
		{A3C4C8A6-BC62-4C81-9E9A-1BEAC2D2FAD9}.Debug|Win32.ActiveCfg = Debug|Win32
		{A3C4C8A6-BC62-4C81-9E9A-1BEAC2D2FAD9}.Debug|Win32.Build.0 = Debug|Win32
		{A3C4C8A6-BC62-4C81-9E9A-1BEAC2D2FAD9}.Release|Win32.ActiveCfg = Release|Win32
		{A3C4C8A6-BC62-4C81-9E9A-1BEAC2D2FAD9}.Release|Win32.Build.0 = Release|Win32
		{B399A79C-D61E-4A5D-80D9-DD12EBBF18FB}.Debug|Win32.ActiveCfg = Debug|Win32
		{B399A79C-D61E-4A5D-80D9-DD12EBBF18FB}.Debug|Win32.Build.0 = Debug|Win32
		{B399A79C-D61E-4A5D-80D9-DD12EBBF18FB}.Release|Win32.ActiveCfg = Release|Win32
		{B399A79C-D61E-4A5D-80D9-DD12EBBF18FB}.Release|Win32.Build.0 = Release|Win32
	EndGlobalSection
	GlobalSection(SolutionProperties) = preSolution
		HideSolutionNode = FALSE
	EndGlobalSection
	GlobalSection(NestedProjects) = preSolution
		{7E49932A-1C03-4B36-A57E-543AC8C4410E} = {48B13FB8-377B-41A3-B2FC-E11EC4C722DE}
		{6C3966D0-1993-471A-9F8B-47B7293697ED} = {48B13FB8-377B-41A3-B2FC-E11EC4C722DE}
		{7B2E3F1F-42B9-4BE9-9035-8FCCD2C48201} = {48B13FB8-377B-41A3-B2FC-E11EC4C722DE}
		{279E2FA4-59BA-4DF1-B40D-6B47B60DE66B} = {48B13FB8-377B-41A3-B2FC-E11EC4C722DE}
		{A3C4C8A6-BC62-4C81-9E9A-1BEAC2D2FAD9} = {48B13FB8-377B-41A3-B2FC-E11EC4C722DE}
		{B399A79C-D61E-4A5D-80D9-DD12EBBF18FB} = {02EA681E-C7D8-13C7-8484-4AC65E1B71E8}
	EndGlobalSection
	GlobalSection(ExtensibilityGlobals) = postSolution
		SolutionGuid = {D46E863A-4CF0-4B82-8788-4B473B568EB9}
	EndGlobalSection
EndGlobal
