<?xml version="1.0" encoding="utf-8"?>
<Project ToolsVersion="4.0" xmlns="http://schemas.microsoft.com/developer/msbuild/2003">
  <ItemGroup>
    <Filter Include="Source Files">
      <UniqueIdentifier>{4FC737F1-C7A5-4376-A066-2A32D752A2FF}</UniqueIdentifier>
      <Extensions>cpp;c;cc;cxx;def;odl;idl;hpj;bat;asm;asmx</Extensions>
    </Filter>
    <Filter Include="Header Files">
      <UniqueIdentifier>{93995380-89BD-4b04-88EB-625FBE52EBFB}</UniqueIdentifier>
      <Extensions>h;hpp;hxx;hm;inl;inc;xsd</Extensions>
    </Filter>
  </ItemGroup>
  <ItemGroup>
    <ClCompile Include="Src\CirBuffer.cpp">
      <Filter>Source Files</Filter>
    </ClCompile>
    <ClCompile Include="src\ClientSocket.cpp">
      <Filter>Source Files</Filter>
    </ClCompile>
    <ClCompile Include="src\KernelImpl.cpp">
      <Filter>Source Files</Filter>
    </ClCompile>
    <ClCompile Include="src\ListenSocket.cpp">
      <Filter>Source Files</Filter>
    </ClCompile>
    <ClCompile Include="src\MsgRouter.cpp">
      <Filter>Source Files</Filter>
    </ClCompile>
    <ClCompile Include="src\NetClient.cpp">
      <Filter>Source Files</Filter>
    </ClCompile>
    <ClCompile Include="src\NetServeImpl.cpp">
      <Filter>Source Files</Filter>
    </ClCompile>
    <ClCompile Include="src\RouterPort.cpp">
      <Filter>Source Files</Filter>
    </ClCompile>
    <ClCompile Include="src\Serve.cpp">
      <Filter>Source Files</Filter>
    </ClCompile>
    <ClCompile Include="src\ServeSocket.cpp">
      <Filter>Source Files</Filter>
    </ClCompile>
    <ClCompile Include="src\Socket.cpp">
      <Filter>Source Files</Filter>
    </ClCompile>
  </ItemGroup>
  <ItemGroup>
    <ClInclude Include="Inc\CirBuffer.h">
      <Filter>Header Files</Filter>
    </ClInclude>
    <ClInclude Include="inc\ClientSocket.h">
      <Filter>Header Files</Filter>
    </ClInclude>
    <ClInclude Include="inc\IKernel.h">
      <Filter>Header Files</Filter>
    </ClInclude>
    <ClInclude Include="inc\INetClient.h">
      <Filter>Header Files</Filter>
    </ClInclude>
    <ClInclude Include="inc\IServe.h">
      <Filter>Header Files</Filter>
    </ClInclude>
    <ClInclude Include="inc\ISocket.h">
      <Filter>Header Files</Filter>
    </ClInclude>
    <ClInclude Include="inc\KernelImpl.h">
      <Filter>Header Files</Filter>
    </ClInclude>
    <ClInclude Include="inc\KernelMsgDef.h">
      <Filter>Header Files</Filter>
    </ClInclude>
    <ClInclude Include="inc\ListenSocket.h">
      <Filter>Header Files</Filter>
    </ClInclude>
    <ClInclude Include="inc\MsgRouter.h">
      <Filter>Header Files</Filter>
    </ClInclude>
    <ClInclude Include="inc\NetClient.h">
      <Filter>Header Files</Filter>
    </ClInclude>
    <ClInclude Include="inc\NetServeImpl.h">
      <Filter>Header Files</Filter>
    </ClInclude>
    <ClInclude Include="resource.h">
      <Filter>Header Files</Filter>
    </ClInclude>
    <ClInclude Include="inc\RouterPort.h">
      <Filter>Header Files</Filter>
    </ClInclude>
    <ClInclude Include="inc\Serve.h">
      <Filter>Header Files</Filter>
    </ClInclude>
    <ClInclude Include="inc\ServeSocket.h">
      <Filter>Header Files</Filter>
    </ClInclude>
    <ClInclude Include="inc\Socket.h">
      <Filter>Header Files</Filter>
    </ClInclude>
    <ClInclude Include="inc\TEncryptor.h">
      <Filter>Header Files</Filter>
    </ClInclude>
  </ItemGroup>
  <ItemGroup>
    <ResourceCompile Include="Lib_Net.rc" />
  </ItemGroup>
</Project>